
Microsoft Visual Studio Solution File, Format Version 12.00
# Visual Studio Version 17
VisualStudioVersion = 17.8.34525.116
MinimumVisualStudioVersion = 10.0.40219.1
Project("{9A19103F-16F7-4668-BE54-9A1E7A4F7556}") = "CallCenterApplication", "CallCenterApplication.csproj", "{267A3BEF-8E16-45DB-AC2F-EDCC3C583251}"
EndProject
Global
	GlobalSection(SolutionConfigurationPlatforms) = preSolution
		Debug|Any CPU = Debug|Any CPU
		Release|Any CPU = Release|Any CPU
	EndGlobalSection
	GlobalSection(ProjectConfigurationPlatforms) = postSolution
		{267A3BEF-8E16-45DB-AC2F-EDCC3C583251}.Debug|Any CPU.ActiveCfg = Debug|Any CPU
		{267A3BEF-8E16-45DB-AC2F-EDCC3C583251}.Debug|Any CPU.Build.0 = Debug|Any CPU
		{267A3BEF-8E16-45DB-AC2F-EDCC3C583251}.Release|Any CPU.ActiveCfg = Release|Any CPU
		{267A3BEF-8E16-45DB-AC2F-EDCC3C583251}.Release|Any CPU.Build.0 = Release|Any CPU
	EndGlobalSection
	GlobalSection(SolutionProperties) = preSolution
		HideSolutionNode = FALSE
	EndGlobalSection
	GlobalSection(ExtensibilityGlobals) = postSolution
		SolutionGuid = {2365D20A-A64B-4FB7-A211-A239D06F6552}
	EndGlobalSection
EndGlobal
